<?xml version="1.0" encoding="utf-8"?>
<Project ToolsVersion="4.0" xmlns="http://schemas.microsoft.com/developer/msbuild/2003">
  <ItemGroup>
    <Filter Include="Source Files">
      <UniqueIdentifier>{0fcdc37e-dd72-4eb6-995e-0a37be4bb17a}</UniqueIdentifier>
      <Extensions>cpp;c;cxx;rc;def;r;odl;idl;hpj;bat</Extensions>
    </Filter>
    <Filter Include="Header Files">
      <UniqueIdentifier>{eb4936e9-8458-4999-8ee0-3569b2612dd9}</UniqueIdentifier>
      <Extensions>h;hpp;hxx;hm;inl</Extensions>
    </Filter>
    <Filter Include="Resource Files">
      <UniqueIdentifier>{b3578ea0-e93e-47c6-84dd-220476d4517f}</UniqueIdentifier>
      <Extensions>bmp ico</Extensions>
    </Filter>
    <Filter Include="Resource Files\Other">
      <UniqueIdentifier>{72eacc37-e6f4-45ea-b10a-1bb494bc420c}</UniqueIdentifier>
    </Filter>
    <Filter Include="AccessMaster">
      <UniqueIdentifier>{c59ddd17-cda5-4ba6-8211-2682f28d5fa8}</UniqueIdentifier>
    </Filter>
  </ItemGroup>
  <ItemGroup>
    <ClCompile Include="AboutExtension.cpp">
      <Filter>Source Files</Filter>
    </ClCompile>
    <ClCompile Include="ApiHooks.cpp">
      <Filter>Source Files</Filter>
    </ClCompile>
    <ClCompile Include="ColorBox.cpp">
      <Filter>Source Files</Filter>
    </ClCompile>
    <ClCompile Include="DllVersion.cpp">
      <Filter>Source Files</Filter>
    </ClCompile>
    <ClCompile Include="FindTextDlg.cpp">
      <Filter>Source Files</Filter>
    </ClCompile>
    <ClCompile Include="HookImportFunction.cpp">
      <Filter>Source Files</Filter>
    </ClCompile>
    <ClCompile Include="InformationDlg.cpp">
      <Filter>Source Files</Filter>
    </ClCompile>
    <ClCompile Include="LoadDll.cpp">
      <Filter>Source Files</Filter>
    </ClCompile>
    <ClCompile Include="Localization.cpp">
      <Filter>Source Files</Filter>
    </ClCompile>
    <ClCompile Include="Options.cpp">
      <Filter>Source Files</Filter>
    </ClCompile>
    <ClCompile Include="OptionsPropertyPages.cpp">
      <Filter>Source Files</Filter>
    </ClCompile>
    <ClCompile Include="OptionsPropertySheet.cpp">
      <Filter>Source Files</Filter>
    </ClCompile>
    <ClCompile Include="StdAfx.cpp">
      <Filter>Source Files</Filter>
    </ClCompile>
    <ClCompile Include="SystemInfo.cpp">
      <Filter>Source Files</Filter>
    </ClCompile>
    <ClCompile Include="SystemInfoDlg.cpp">
      <Filter>Source Files</Filter>
    </ClCompile>
    <ClCompile Include="SystemInfoListCtrl.cpp">
      <Filter>Source Files</Filter>
    </ClCompile>
    <ClCompile Include="SystemInfoUI.cpp">
      <Filter>Source Files</Filter>
    </ClCompile>
    <ClCompile Include="TaskManagerExDll.cpp">
      <Filter>Source Files</Filter>
    </ClCompile>
    <ClCompile Include="Taskmgr.cpp">
      <Filter>Source Files</Filter>
    </ClCompile>
    <ClCompile Include="TipDlg.cpp">
      <Filter>Source Files</Filter>
    </ClCompile>
    <ClCompile Include="VMQuery.cpp">
      <Filter>Source Files</Filter>
    </ClCompile>
    <ClCompile Include="WindowsCore.cpp">
      <Filter>Source Files</Filter>
    </ClCompile>
    <ClCompile Include="WinObjects.cpp">
      <Filter>Source Files</Filter>
    </ClCompile>
    <ClCompile Include="..\AccessMaster\SecurityInformation.cpp">
      <Filter>AccessMaster</Filter>
    </ClCompile>
    <ClCompile Include="..\AccessMaster\SecurityInformationAccessRights.cpp">
      <Filter>AccessMaster</Filter>
    </ClCompile>
  </ItemGroup>
  <ItemGroup>
    <None Include="TaskManagerExDll.def">
      <Filter>Source Files</Filter>
    </None>
    <None Include="VerInfo.ver">
      <Filter>Resource Files\Other</Filter>
    </None>
  </ItemGroup>
  <ItemGroup>
    <ClInclude Include="AboutExtension.h">
      <Filter>Header Files</Filter>
    </ClInclude>
    <ClInclude Include="ApiHooks.h">
      <Filter>Header Files</Filter>
    </ClInclude>
    <ClInclude Include="ColorBox.h">
      <Filter>Header Files</Filter>
    </ClInclude>
    <ClInclude Include="DllVersion.h">
      <Filter>Header Files</Filter>
    </ClInclude>
    <ClInclude Include="FindTextDlg.h">
      <Filter>Header Files</Filter>
    </ClInclude>
    <ClInclude Include="HookImportFunction.h">
      <Filter>Header Files</Filter>
    </ClInclude>
    <ClInclude Include="InformationDlg.h">
      <Filter>Header Files</Filter>
    </ClInclude>
    <ClInclude Include="LoadDll.h">
      <Filter>Header Files</Filter>
    </ClInclude>
    <ClInclude Include="Localization.h">
      <Filter>Header Files</Filter>
    </ClInclude>
    <ClInclude Include="Options.h">
      <Filter>Header Files</Filter>
    </ClInclude>
    <ClInclude Include="OptionsPropertyPages.h">
      <Filter>Header Files</Filter>
    </ClInclude>
    <ClInclude Include="OptionsPropertySheet.h">
      <Filter>Header Files</Filter>
    </ClInclude>
    <ClInclude Include="StdAfx.h">
      <Filter>Header Files</Filter>
    </ClInclude>
    <ClInclude Include="SystemInfo.h">
      <Filter>Header Files</Filter>
    </ClInclude>
    <ClInclude Include="SystemInfoDlg.h">
      <Filter>Header Files</Filter>
    </ClInclude>
    <ClInclude Include="SystemInfoListCtrl.h">
      <Filter>Header Files</Filter>
    </ClInclude>
    <ClInclude Include="SystemInfoUI.h">
      <Filter>Header Files</Filter>
    </ClInclude>
    <ClInclude Include="TaskManagerEx.h">
      <Filter>Header Files</Filter>
    </ClInclude>
    <ClInclude Include="TaskManagerExDll.h">
      <Filter>Header Files</Filter>
    </ClInclude>
    <ClInclude Include="TaskManagerExDllExport.h">
      <Filter>Header Files</Filter>
    </ClInclude>
    <ClInclude Include="Taskmgr.h">
      <Filter>Header Files</Filter>
    </ClInclude>
    <ClInclude Include="TipDlg.h">
      <Filter>Header Files</Filter>
    </ClInclude>
    <ClInclude Include="VMQuery.h">
      <Filter>Header Files</Filter>
    </ClInclude>
    <ClInclude Include="WindowsCore.h">
      <Filter>Header Files</Filter>
    </ClInclude>
    <ClInclude Include="WindowsDdk.h">
      <Filter>Header Files</Filter>
    </ClInclude>
    <ClInclude Include="WinObjects.h">
      <Filter>Header Files</Filter>
    </ClInclude>
    <ClInclude Include="resource.h">
      <Filter>Resource Files</Filter>
    </ClInclude>
    <ClInclude Include="module.h">
      <Filter>Resource Files\Other</Filter>
    </ClInclude>
    <ClInclude Include="product.h">
      <Filter>Resource Files\Other</Filter>
    </ClInclude>
    <ClInclude Include="..\AccessMaster\SecurityInformation.h">
      <Filter>AccessMaster</Filter>
    </ClInclude>
  </ItemGroup>
  <ItemGroup>
    <ResourceCompile Include="TaskManagerExDll.rc">
      <Filter>Resource Files</Filter>
    </ResourceCompile>
  </ItemGroup>
  <ItemGroup>
    <Image Include="res\DefaultProcessIcon.ico">
      <Filter>Resource Files\Other</Filter>
    </Image>
    <Image Include="res\litebulb.bmp">
      <Filter>Resource Files\Other</Filter>
    </Image>
    <Image Include="res\ServiceProcessIcon.ico">
      <Filter>Resource Files\Other</Filter>
    </Image>
    <Image Include="res\SystemInfo.ico">
      <Filter>Resource Files\Other</Filter>
    </Image>
    <Image Include="res\SystemInfoToolbar.bmp">
      <Filter>Resource Files\Other</Filter>
    </Image>
  </ItemGroup>
</Project>